
Microsoft Visual Studio Solution File, Format Version 12.00
# Visual Studio Version 16
VisualStudioVersion = 16.0.29102.190
MinimumVisualStudioVersion = 10.0.40219.1
Project("{FAE04EC0-301F-11D3-BF4B-00C04F79EFBC}") = "NetworkApi", "NetworkApi\NetworkApi.csproj", "{14E1680C-F0F5-4E40-B600-74B86EF3410C}"
EndProject
Project("{00D1A9C2-B5F0-4AF3-8072-F6C62B433612}") = "SeaalNetworkDB", "SeaalNetworkDB\SeaalNetworkDB.sqlproj", "{C11D11A8-2758-44A5-A28F-93C1CEF90728}"
EndProject
Global
	GlobalSection(SolutionConfigurationPlatforms) = preSolution
		Debug|Any CPU = Debug|Any CPU
		Release|Any CPU = Release|Any CPU
	EndGlobalSection
	GlobalSection(ProjectConfigurationPlatforms) = postSolution
		{14E1680C-F0F5-4E40-B600-74B86EF3410C}.Debug|Any CPU.ActiveCfg = Debug|Any CPU
		{14E1680C-F0F5-4E40-B600-74B86EF3410C}.Debug|Any CPU.Build.0 = Debug|Any CPU
		{14E1680C-F0F5-4E40-B600-74B86EF3410C}.Release|Any CPU.ActiveCfg = Release|Any CPU
		{14E1680C-F0F5-4E40-B600-74B86EF3410C}.Release|Any CPU.Build.0 = Release|Any CPU
		{C11D11A8-2758-44A5-A28F-93C1CEF90728}.Debug|Any CPU.ActiveCfg = Debug|Any CPU
		{C11D11A8-2758-44A5-A28F-93C1CEF90728}.Debug|Any CPU.Build.0 = Debug|Any CPU
		{C11D11A8-2758-44A5-A28F-93C1CEF90728}.Debug|Any CPU.Deploy.0 = Debug|Any CPU
		{C11D11A8-2758-44A5-A28F-93C1CEF90728}.Release|Any CPU.ActiveCfg = Release|Any CPU
		{C11D11A8-2758-44A5-A28F-93C1CEF90728}.Release|Any CPU.Build.0 = Release|Any CPU
		{C11D11A8-2758-44A5-A28F-93C1CEF90728}.Release|Any CPU.Deploy.0 = Release|Any CPU
	EndGlobalSection
	GlobalSection(SolutionProperties) = preSolution
		HideSolutionNode = FALSE
	EndGlobalSection
	GlobalSection(ExtensibilityGlobals) = postSolution
		SolutionGuid = {09AEA2F0-B97D-4B23-8546-120A8E6397F8}
	EndGlobalSection
EndGlobal
