
Microsoft Visual Studio Solution File, Format Version 12.00
# Visual Studio Version 16
VisualStudioVersion = 16.0.29102.190
MinimumVisualStudioVersion = 10.0.40219.1
Project("{FAE04EC0-301F-11D3-BF4B-00C04F79EFBC}") = "NetworkApi", "NetworkApi\NetworkApi.csproj", "{14E1680C-F0F5-4E40-B600-74B86EF3410C}"
EndProject
Project("{00D1A9C2-B5F0-4AF3-8072-F6C62B433612}") = "SeaalNetworkDB", "SeaalNetworkDB\SeaalNetworkDB.sqlproj", "{C11D11A8-2758-44A5-A28F-93C1CEF90728}"
EndProject
Project("{FAE04EC0-301F-11D3-BF4B-00C04F79EFBC}") = "NetworkApp", "NetworkApp\NetworkApp.csproj", "{9E0445D2-24C4-461D-9CF4-032C5623BABC}"
EndProject
Project("{FAE04EC0-301F-11D3-BF4B-00C04F79EFBC}") = "NetworkApi.Library", "NetworkApi.Library\NetworkApi.Library.csproj", "{7E6AB4A8-CB53-4212-82F2-ED3D94B615EA}"
EndProject
Project("{FAE04EC0-301F-11D3-BF4B-00C04F79EFBC}") = "NetworkApp.Library", "NetworkApp.Library\NetworkApp.Library.csproj", "{97636FAC-3BD3-4097-B94F-09C00A9F7AA2}"
EndProject
Project("{2150E333-8FDC-42A3-9474-1A3956D46DE8}") = "Api", "Api", "{20EC94CD-7DB2-4512-BECC-2FD61B951616}"
EndProject
Project("{2150E333-8FDC-42A3-9474-1A3956D46DE8}") = "WpfApplication", "WpfApplication", "{66A3DA07-2EFB-443E-8A04-EE248BE6CBB0}"
EndProject
Project("{2150E333-8FDC-42A3-9474-1A3956D46DE8}") = "Database", "Database", "{56450DE5-94BB-427A-AD1D-D1FE95068A45}"
EndProject
Global
	GlobalSection(SolutionConfigurationPlatforms) = preSolution
		Debug|Any CPU = Debug|Any CPU
		Release|Any CPU = Release|Any CPU
	EndGlobalSection
	GlobalSection(ProjectConfigurationPlatforms) = postSolution
		{14E1680C-F0F5-4E40-B600-74B86EF3410C}.Debug|Any CPU.ActiveCfg = Debug|Any CPU
		{14E1680C-F0F5-4E40-B600-74B86EF3410C}.Debug|Any CPU.Build.0 = Debug|Any CPU
		{14E1680C-F0F5-4E40-B600-74B86EF3410C}.Release|Any CPU.ActiveCfg = Release|Any CPU
		{14E1680C-F0F5-4E40-B600-74B86EF3410C}.Release|Any CPU.Build.0 = Release|Any CPU
		{C11D11A8-2758-44A5-A28F-93C1CEF90728}.Debug|Any CPU.ActiveCfg = Debug|Any CPU
		{C11D11A8-2758-44A5-A28F-93C1CEF90728}.Debug|Any CPU.Build.0 = Debug|Any CPU
		{C11D11A8-2758-44A5-A28F-93C1CEF90728}.Debug|Any CPU.Deploy.0 = Debug|Any CPU
		{C11D11A8-2758-44A5-A28F-93C1CEF90728}.Release|Any CPU.ActiveCfg = Release|Any CPU
		{C11D11A8-2758-44A5-A28F-93C1CEF90728}.Release|Any CPU.Build.0 = Release|Any CPU
		{C11D11A8-2758-44A5-A28F-93C1CEF90728}.Release|Any CPU.Deploy.0 = Release|Any CPU
		{9E0445D2-24C4-461D-9CF4-032C5623BABC}.Debug|Any CPU.ActiveCfg = Debug|Any CPU
		{9E0445D2-24C4-461D-9CF4-032C5623BABC}.Debug|Any CPU.Build.0 = Debug|Any CPU
		{9E0445D2-24C4-461D-9CF4-032C5623BABC}.Release|Any CPU.ActiveCfg = Release|Any CPU
		{9E0445D2-24C4-461D-9CF4-032C5623BABC}.Release|Any CPU.Build.0 = Release|Any CPU
		{7E6AB4A8-CB53-4212-82F2-ED3D94B615EA}.Debug|Any CPU.ActiveCfg = Debug|Any CPU
		{7E6AB4A8-CB53-4212-82F2-ED3D94B615EA}.Debug|Any CPU.Build.0 = Debug|Any CPU
		{7E6AB4A8-CB53-4212-82F2-ED3D94B615EA}.Release|Any CPU.ActiveCfg = Release|Any CPU
		{7E6AB4A8-CB53-4212-82F2-ED3D94B615EA}.Release|Any CPU.Build.0 = Release|Any CPU
		{97636FAC-3BD3-4097-B94F-09C00A9F7AA2}.Debug|Any CPU.ActiveCfg = Debug|Any CPU
		{97636FAC-3BD3-4097-B94F-09C00A9F7AA2}.Debug|Any CPU.Build.0 = Debug|Any CPU
		{97636FAC-3BD3-4097-B94F-09C00A9F7AA2}.Release|Any CPU.ActiveCfg = Release|Any CPU
		{97636FAC-3BD3-4097-B94F-09C00A9F7AA2}.Release|Any CPU.Build.0 = Release|Any CPU
	EndGlobalSection
	GlobalSection(SolutionProperties) = preSolution
		HideSolutionNode = FALSE
	EndGlobalSection
	GlobalSection(NestedProjects) = preSolution
		{14E1680C-F0F5-4E40-B600-74B86EF3410C} = {20EC94CD-7DB2-4512-BECC-2FD61B951616}
		{C11D11A8-2758-44A5-A28F-93C1CEF90728} = {56450DE5-94BB-427A-AD1D-D1FE95068A45}
		{9E0445D2-24C4-461D-9CF4-032C5623BABC} = {66A3DA07-2EFB-443E-8A04-EE248BE6CBB0}
		{7E6AB4A8-CB53-4212-82F2-ED3D94B615EA} = {20EC94CD-7DB2-4512-BECC-2FD61B951616}
		{97636FAC-3BD3-4097-B94F-09C00A9F7AA2} = {66A3DA07-2EFB-443E-8A04-EE248BE6CBB0}
	EndGlobalSection
	GlobalSection(ExtensibilityGlobals) = postSolution
		SolutionGuid = {09AEA2F0-B97D-4B23-8546-120A8E6397F8}
	EndGlobalSection
EndGlobal
